
Microsoft Visual Studio Solution File, Format Version 12.00
# Visual Studio 2013
VisualStudioVersion = 12.0.20623.1 VSUPREVIEW
MinimumVisualStudioVersion = 10.0.40219.1
Project("{FAE04EC0-301F-11D3-BF4B-00C04F79EFBC}") = "ThePaperWall.WinRT", "ThePaperWall.WinRT\ThePaperWall.WinRT.csproj", "{B149B672-7AAC-4AEE-97DC-32DF6EE0C3DD}"
EndProject
Project("{FAE04EC0-301F-11D3-BF4B-00C04F79EFBC}") = "ThePaperWall.WP8", "ThePaperWall.WP8\ThePaperWall.WP8.csproj", "{09D6C248-D027-45DD-9889-07A29541DAD8}"
EndProject
Project("{FAE04EC0-301F-11D3-BF4B-00C04F79EFBC}") = "ThePaperWall.Core", "ThePaperWall.Core\ThePaperWall.Core.csproj", "{4C9DE318-B02B-4BF6-9C83-42AAEFEBC0CE}"
EndProject
Project("{FAE04EC0-301F-11D3-BF4B-00C04F79EFBC}") = "ThePaperWall.Core.Tests", "ThePaperWall.Core.Tests\ThePaperWall.Core.Tests.csproj", "{D33B1BA0-B31D-4D3D-9442-04B4EC7254C5}"
EndProject
Global
	GlobalSection(SolutionConfigurationPlatforms) = preSolution
		Debug|Any CPU = Debug|Any CPU
		Debug|ARM = Debug|ARM
		Debug|x64 = Debug|x64
		Debug|x86 = Debug|x86
		Release|Any CPU = Release|Any CPU
		Release|ARM = Release|ARM
		Release|x64 = Release|x64
		Release|x86 = Release|x86
	EndGlobalSection
	GlobalSection(ProjectConfigurationPlatforms) = postSolution
		{B149B672-7AAC-4AEE-97DC-32DF6EE0C3DD}.Debug|Any CPU.ActiveCfg = Debug|Any CPU
		{B149B672-7AAC-4AEE-97DC-32DF6EE0C3DD}.Debug|Any CPU.Build.0 = Debug|Any CPU
		{B149B672-7AAC-4AEE-97DC-32DF6EE0C3DD}.Debug|Any CPU.Deploy.0 = Debug|Any CPU
		{B149B672-7AAC-4AEE-97DC-32DF6EE0C3DD}.Debug|ARM.ActiveCfg = Debug|ARM
		{B149B672-7AAC-4AEE-97DC-32DF6EE0C3DD}.Debug|ARM.Build.0 = Debug|ARM
		{B149B672-7AAC-4AEE-97DC-32DF6EE0C3DD}.Debug|ARM.Deploy.0 = Debug|ARM
		{B149B672-7AAC-4AEE-97DC-32DF6EE0C3DD}.Debug|x64.ActiveCfg = Debug|x64
		{B149B672-7AAC-4AEE-97DC-32DF6EE0C3DD}.Debug|x64.Build.0 = Debug|x64
		{B149B672-7AAC-4AEE-97DC-32DF6EE0C3DD}.Debug|x64.Deploy.0 = Debug|x64
		{B149B672-7AAC-4AEE-97DC-32DF6EE0C3DD}.Debug|x86.ActiveCfg = Debug|x86
		{B149B672-7AAC-4AEE-97DC-32DF6EE0C3DD}.Debug|x86.Build.0 = Debug|x86
		{B149B672-7AAC-4AEE-97DC-32DF6EE0C3DD}.Debug|x86.Deploy.0 = Debug|x86
		{B149B672-7AAC-4AEE-97DC-32DF6EE0C3DD}.Release|Any CPU.ActiveCfg = Release|Any CPU
		{B149B672-7AAC-4AEE-97DC-32DF6EE0C3DD}.Release|Any CPU.Build.0 = Release|Any CPU
		{B149B672-7AAC-4AEE-97DC-32DF6EE0C3DD}.Release|Any CPU.Deploy.0 = Release|Any CPU
		{B149B672-7AAC-4AEE-97DC-32DF6EE0C3DD}.Release|ARM.ActiveCfg = Release|ARM
		{B149B672-7AAC-4AEE-97DC-32DF6EE0C3DD}.Release|ARM.Build.0 = Release|ARM
		{B149B672-7AAC-4AEE-97DC-32DF6EE0C3DD}.Release|ARM.Deploy.0 = Release|ARM
		{B149B672-7AAC-4AEE-97DC-32DF6EE0C3DD}.Release|x64.ActiveCfg = Release|x64
		{B149B672-7AAC-4AEE-97DC-32DF6EE0C3DD}.Release|x64.Build.0 = Release|x64
		{B149B672-7AAC-4AEE-97DC-32DF6EE0C3DD}.Release|x64.Deploy.0 = Release|x64
		{B149B672-7AAC-4AEE-97DC-32DF6EE0C3DD}.Release|x86.ActiveCfg = Release|x86
		{B149B672-7AAC-4AEE-97DC-32DF6EE0C3DD}.Release|x86.Build.0 = Release|x86
		{B149B672-7AAC-4AEE-97DC-32DF6EE0C3DD}.Release|x86.Deploy.0 = Release|x86
		{09D6C248-D027-45DD-9889-07A29541DAD8}.Debug|Any CPU.ActiveCfg = Debug|Any CPU
		{09D6C248-D027-45DD-9889-07A29541DAD8}.Debug|Any CPU.Build.0 = Debug|Any CPU
		{09D6C248-D027-45DD-9889-07A29541DAD8}.Debug|Any CPU.Deploy.0 = Debug|Any CPU
		{09D6C248-D027-45DD-9889-07A29541DAD8}.Debug|ARM.ActiveCfg = Debug|ARM
		{09D6C248-D027-45DD-9889-07A29541DAD8}.Debug|ARM.Build.0 = Debug|ARM
		{09D6C248-D027-45DD-9889-07A29541DAD8}.Debug|ARM.Deploy.0 = Debug|ARM
		{09D6C248-D027-45DD-9889-07A29541DAD8}.Debug|x64.ActiveCfg = Debug|Any CPU
		{09D6C248-D027-45DD-9889-07A29541DAD8}.Debug|x86.ActiveCfg = Debug|x86
		{09D6C248-D027-45DD-9889-07A29541DAD8}.Debug|x86.Build.0 = Debug|x86
		{09D6C248-D027-45DD-9889-07A29541DAD8}.Debug|x86.Deploy.0 = Debug|x86
		{09D6C248-D027-45DD-9889-07A29541DAD8}.Release|Any CPU.ActiveCfg = Release|Any CPU
		{09D6C248-D027-45DD-9889-07A29541DAD8}.Release|Any CPU.Build.0 = Release|Any CPU
		{09D6C248-D027-45DD-9889-07A29541DAD8}.Release|Any CPU.Deploy.0 = Release|Any CPU
		{09D6C248-D027-45DD-9889-07A29541DAD8}.Release|ARM.ActiveCfg = Release|ARM
		{09D6C248-D027-45DD-9889-07A29541DAD8}.Release|ARM.Build.0 = Release|ARM
		{09D6C248-D027-45DD-9889-07A29541DAD8}.Release|ARM.Deploy.0 = Release|ARM
		{09D6C248-D027-45DD-9889-07A29541DAD8}.Release|x64.ActiveCfg = Release|Any CPU
		{09D6C248-D027-45DD-9889-07A29541DAD8}.Release|x86.ActiveCfg = Release|x86
		{09D6C248-D027-45DD-9889-07A29541DAD8}.Release|x86.Build.0 = Release|x86
		{09D6C248-D027-45DD-9889-07A29541DAD8}.Release|x86.Deploy.0 = Release|x86
		{4C9DE318-B02B-4BF6-9C83-42AAEFEBC0CE}.Debug|Any CPU.ActiveCfg = Debug|Any CPU
		{4C9DE318-B02B-4BF6-9C83-42AAEFEBC0CE}.Debug|Any CPU.Build.0 = Debug|Any CPU
		{4C9DE318-B02B-4BF6-9C83-42AAEFEBC0CE}.Debug|ARM.ActiveCfg = Debug|Any CPU
		{4C9DE318-B02B-4BF6-9C83-42AAEFEBC0CE}.Debug|x64.ActiveCfg = Debug|Any CPU
		{4C9DE318-B02B-4BF6-9C83-42AAEFEBC0CE}.Debug|x86.ActiveCfg = Debug|Any CPU
		{4C9DE318-B02B-4BF6-9C83-42AAEFEBC0CE}.Release|Any CPU.ActiveCfg = Release|Any CPU
		{4C9DE318-B02B-4BF6-9C83-42AAEFEBC0CE}.Release|Any CPU.Build.0 = Release|Any CPU
		{4C9DE318-B02B-4BF6-9C83-42AAEFEBC0CE}.Release|ARM.ActiveCfg = Release|Any CPU
		{4C9DE318-B02B-4BF6-9C83-42AAEFEBC0CE}.Release|x64.ActiveCfg = Release|Any CPU
		{4C9DE318-B02B-4BF6-9C83-42AAEFEBC0CE}.Release|x86.ActiveCfg = Release|Any CPU
		{D33B1BA0-B31D-4D3D-9442-04B4EC7254C5}.Debug|Any CPU.ActiveCfg = Debug|Any CPU
		{D33B1BA0-B31D-4D3D-9442-04B4EC7254C5}.Debug|Any CPU.Build.0 = Debug|Any CPU
		{D33B1BA0-B31D-4D3D-9442-04B4EC7254C5}.Debug|ARM.ActiveCfg = Debug|Any CPU
		{D33B1BA0-B31D-4D3D-9442-04B4EC7254C5}.Debug|x64.ActiveCfg = Debug|Any CPU
		{D33B1BA0-B31D-4D3D-9442-04B4EC7254C5}.Debug|x86.ActiveCfg = Debug|Any CPU
		{D33B1BA0-B31D-4D3D-9442-04B4EC7254C5}.Release|Any CPU.ActiveCfg = Release|Any CPU
		{D33B1BA0-B31D-4D3D-9442-04B4EC7254C5}.Release|Any CPU.Build.0 = Release|Any CPU
		{D33B1BA0-B31D-4D3D-9442-04B4EC7254C5}.Release|ARM.ActiveCfg = Release|Any CPU
		{D33B1BA0-B31D-4D3D-9442-04B4EC7254C5}.Release|x64.ActiveCfg = Release|Any CPU
		{D33B1BA0-B31D-4D3D-9442-04B4EC7254C5}.Release|x86.ActiveCfg = Release|Any CPU
	EndGlobalSection
	GlobalSection(SolutionProperties) = preSolution
		HideSolutionNode = FALSE
	EndGlobalSection
EndGlobal
